
Microsoft Visual Studio Solution File, Format Version 12.00
# Visual Studio Version 17
VisualStudioVersion = 17.0.32014.148
MinimumVisualStudioVersion = 10.0.40219.1
Project("{9A19103F-16F7-4668-BE54-9A1E7A4F7556}") = "excelchop", "excelchop\excelchop.csproj", "{66FAD7AB-8D12-4B37-B737-80271D138063}"
EndProject
Project("{FAE04EC0-301F-11D3-BF4B-00C04F79EFBC}") = "tests", "tests\tests.csproj", "{E59B3D56-8633-4016-AC42-DD1C85E5BC6F}"
EndProject
Global
	GlobalSection(SolutionConfigurationPlatforms) = preSolution
		Debug|Any CPU = Debug|Any CPU
		Release|Any CPU = Release|Any CPU
	EndGlobalSection
	GlobalSection(ProjectConfigurationPlatforms) = postSolution
		{66FAD7AB-8D12-4B37-B737-80271D138063}.Debug|Any CPU.ActiveCfg = Debug|Any CPU
		{66FAD7AB-8D12-4B37-B737-80271D138063}.Debug|Any CPU.Build.0 = Debug|Any CPU
		{66FAD7AB-8D12-4B37-B737-80271D138063}.Release|Any CPU.ActiveCfg = Release|Any CPU
		{66FAD7AB-8D12-4B37-B737-80271D138063}.Release|Any CPU.Build.0 = Release|Any CPU
		{E59B3D56-8633-4016-AC42-DD1C85E5BC6F}.Debug|Any CPU.ActiveCfg = Debug|Any CPU
		{E59B3D56-8633-4016-AC42-DD1C85E5BC6F}.Debug|Any CPU.Build.0 = Debug|Any CPU
		{E59B3D56-8633-4016-AC42-DD1C85E5BC6F}.Release|Any CPU.ActiveCfg = Release|Any CPU
		{E59B3D56-8633-4016-AC42-DD1C85E5BC6F}.Release|Any CPU.Build.0 = Release|Any CPU
	EndGlobalSection
	GlobalSection(SolutionProperties) = preSolution
		HideSolutionNode = FALSE
	EndGlobalSection
	GlobalSection(ExtensibilityGlobals) = postSolution
		SolutionGuid = {07C03115-6B43-4CDC-A332-D566BB3DBFAD}
	EndGlobalSection
EndGlobal
